// !$*UTF8*$!
{
	archiveVersion = 1;
	classes = {
	};
	objectVersion = 50;
	objects = {

/* Begin PBXBuildFile section */
		ED5B9A60267AF5820009CF70 /* AppDelegate.m in Sources */ = {isa = PBXBuildFile; fileRef = ED5B9A5F267AF5820009CF70 /* AppDelegate.m */; };
		ED5B9A63267AF5820009CF70 /* SceneDelegate.m in Sources */ = {isa = PBXBuildFile; fileRef = ED5B9A62267AF5820009CF70 /* SceneDelegate.m */; };
		ED5B9A66267AF5820009CF70 /* ViewController.m in Sources */ = {isa = PBXBuildFile; fileRef = ED5B9A65267AF5820009CF70 /* ViewController.m */; };
		ED5B9A69267AF5820009CF70 /* Main.storyboard in Resources */ = {isa = PBXBuildFile; fileRef = ED5B9A67267AF5820009CF70 /* Main.storyboard */; };
		ED5B9A6B267AF5850009CF70 /* Assets.xcassets in Resources */ = {isa = PBXBuildFile; fileRef = ED5B9A6A267AF5850009CF70 /* Assets.xcassets */; };
		ED5B9A6E267AF5850009CF70 /* LaunchScreen.storyboard in Resources */ = {isa = PBXBuildFile; fileRef = ED5B9A6C267AF5850009CF70 /* LaunchScreen.storyboard */; };
		ED5B9A71267AF5850009CF70 /* main.m in Sources */ = {isa = PBXBuildFile; fileRef = ED5B9A70267AF5850009CF70 /* main.m */; };
		ED5B9A7B267AF5850009CF70 /* JhVueOCDemoTests.m in Sources */ = {isa = PBXBuildFile; fileRef = ED5B9A7A267AF5850009CF70 /* JhVueOCDemoTests.m */; };
		ED5B9A86267AF5850009CF70 /* JhVueOCDemoUITests.m in Sources */ = {isa = PBXBuildFile; fileRef = ED5B9A85267AF5850009CF70 /* JhVueOCDemoUITests.m */; };
		ED5B9A95267AF7440009CF70 /* VueViewController.m in Sources */ = {isa = PBXBuildFile; fileRef = ED5B9A94267AF7440009CF70 /* VueViewController.m */; };
		ED5B9AB3267AFFCA0009CF70 /* UIView+JhView.m in Sources */ = {isa = PBXBuildFile; fileRef = ED5B9AB1267AFFCA0009CF70 /* UIView+JhView.m */; };
		ED5B9AC8267B17430009CF70 /* dist in Resources */ = {isa = PBXBuildFile; fileRef = ED5B9AC7267B17430009CF70 /* dist */; };
/* End PBXBuildFile section */

/* Begin PBXContainerItemProxy section */
		ED5B9A77267AF5850009CF70 /* PBXContainerItemProxy */ = {
			isa = PBXContainerItemProxy;
			containerPortal = ED5B9A53267AF5820009CF70 /* Project object */;
			proxyType = 1;
			remoteGlobalIDString = ED5B9A5A267AF5820009CF70;
			remoteInfo = JhVueOCDemo;
		};
		ED5B9A82267AF5850009CF70 /* PBXContainerItemProxy */ = {
			isa = PBXContainerItemProxy;
			containerPortal = ED5B9A53267AF5820009CF70 /* Project object */;
			proxyType = 1;
			remoteGlobalIDString = ED5B9A5A267AF5820009CF70;
			remoteInfo = JhVueOCDemo;
		};
/* End PBXContainerItemProxy section */

/* Begin PBXFileReference section */
		ED5B9A5B267AF5820009CF70 /* JhVueOCDemo.app */ = {isa = PBXFileReference; explicitFileType = wrapper.application; includeInIndex = 0; path = JhVueOCDemo.app; sourceTree = BUILT_PRODUCTS_DIR; };
		ED5B9A5E267AF5820009CF70 /* AppDelegate.h */ = {isa = PBXFileReference; lastKnownFileType = sourcecode.c.h; path = AppDelegate.h; sourceTree = "<group>"; };
		ED5B9A5F267AF5820009CF70 /* AppDelegate.m */ = {isa = PBXFileReference; lastKnownFileType = sourcecode.c.objc; path = AppDelegate.m; sourceTree = "<group>"; };
		ED5B9A61267AF5820009CF70 /* SceneDelegate.h */ = {isa = PBXFileReference; lastKnownFileType = sourcecode.c.h; path = SceneDelegate.h; sourceTree = "<group>"; };
		ED5B9A62267AF5820009CF70 /* SceneDelegate.m */ = {isa = PBXFileReference; lastKnownFileType = sourcecode.c.objc; path = SceneDelegate.m; sourceTree = "<group>"; };
		ED5B9A64267AF5820009CF70 /* ViewController.h */ = {isa = PBXFileReference; lastKnownFileType = sourcecode.c.h; path = ViewController.h; sourceTree = "<group>"; };
		ED5B9A65267AF5820009CF70 /* ViewController.m */ = {isa = PBXFileReference; lastKnownFileType = sourcecode.c.objc; path = ViewController.m; sourceTree = "<group>"; };
		ED5B9A68267AF5820009CF70 /* Base */ = {isa = PBXFileReference; lastKnownFileType = file.storyboard; name = Base; path = Base.lproj/Main.storyboard; sourceTree = "<group>"; };
		ED5B9A6A267AF5850009CF70 /* Assets.xcassets */ = {isa = PBXFileReference; lastKnownFileType = folder.assetcatalog; path = Assets.xcassets; sourceTree = "<group>"; };
		ED5B9A6D267AF5850009CF70 /* Base */ = {isa = PBXFileReference; lastKnownFileType = file.storyboard; name = Base; path = Base.lproj/LaunchScreen.storyboard; sourceTree = "<group>"; };
		ED5B9A6F267AF5850009CF70 /* Info.plist */ = {isa = PBXFileReference; lastKnownFileType = text.plist.xml; path = Info.plist; sourceTree = "<group>"; };
		ED5B9A70267AF5850009CF70 /* main.m */ = {isa = PBXFileReference; lastKnownFileType = sourcecode.c.objc; path = main.m; sourceTree = "<group>"; };
		ED5B9A76267AF5850009CF70 /* JhVueOCDemoTests.xctest */ = {isa = PBXFileReference; explicitFileType = wrapper.cfbundle; includeInIndex = 0; path = JhVueOCDemoTests.xctest; sourceTree = BUILT_PRODUCTS_DIR; };
		ED5B9A7A267AF5850009CF70 /* JhVueOCDemoTests.m */ = {isa = PBXFileReference; lastKnownFileType = sourcecode.c.objc; path = JhVueOCDemoTests.m; sourceTree = "<group>"; };
		ED5B9A7C267AF5850009CF70 /* Info.plist */ = {isa = PBXFileReference; lastKnownFileType = text.plist.xml; path = Info.plist; sourceTree = "<group>"; };
		ED5B9A81267AF5850009CF70 /* JhVueOCDemoUITests.xctest */ = {isa = PBXFileReference; explicitFileType = wrapper.cfbundle; includeInIndex = 0; path = JhVueOCDemoUITests.xctest; sourceTree = BUILT_PRODUCTS_DIR; };
		ED5B9A85267AF5850009CF70 /* JhVueOCDemoUITests.m */ = {isa = PBXFileReference; lastKnownFileType = sourcecode.c.objc; path = JhVueOCDemoUITests.m; sourceTree = "<group>"; };
		ED5B9A87267AF5850009CF70 /* Info.plist */ = {isa = PBXFileReference; lastKnownFileType = text.plist.xml; path = Info.plist; sourceTree = "<group>"; };
		ED5B9A93267AF7440009CF70 /* VueViewController.h */ = {isa = PBXFileReference; fileEncoding = 4; lastKnownFileType = sourcecode.c.h; path = VueViewController.h; sourceTree = "<group>"; };
		ED5B9A94267AF7440009CF70 /* VueViewController.m */ = {isa = PBXFileReference; fileEncoding = 4; lastKnownFileType = sourcecode.c.objc; path = VueViewController.m; sourceTree = "<group>"; };
		ED5B9AB1267AFFCA0009CF70 /* UIView+JhView.m */ = {isa = PBXFileReference; fileEncoding = 4; lastKnownFileType = sourcecode.c.objc; path = "UIView+JhView.m"; sourceTree = "<group>"; };
		ED5B9AB2267AFFCA0009CF70 /* UIView+JhView.h */ = {isa = PBXFileReference; fileEncoding = 4; lastKnownFileType = sourcecode.c.h; path = "UIView+JhView.h"; sourceTree = "<group>"; };
		ED5B9AC7267B17430009CF70 /* dist */ = {isa = PBXFileReference; lastKnownFileType = folder; path = dist; sourceTree = "<group>"; };
/* End PBXFileReference section */

/* Begin PBXFrameworksBuildPhase section */
		ED5B9A58267AF5820009CF70 /* Frameworks */ = {
			isa = PBXFrameworksBuildPhase;
			buildActionMask = 2147483647;
			files = (
			);
			runOnlyForDeploymentPostprocessing = 0;
		};
		ED5B9A73267AF5850009CF70 /* Frameworks */ = {
			isa = PBXFrameworksBuildPhase;
			buildActionMask = 2147483647;
			files = (
			);
			runOnlyForDeploymentPostprocessing = 0;
		};
		ED5B9A7E267AF5850009CF70 /* Frameworks */ = {
			isa = PBXFrameworksBuildPhase;
			buildActionMask = 2147483647;
			files = (
			);
			runOnlyForDeploymentPostprocessing = 0;
		};
/* End PBXFrameworksBuildPhase section */

/* Begin PBXGroup section */
		ED5B9A52267AF5820009CF70 = {
			isa = PBXGroup;
			children = (
				ED5B9A5D267AF5820009CF70 /* JhVueOCDemo */,
				ED5B9A79267AF5850009CF70 /* JhVueOCDemoTests */,
				ED5B9A84267AF5850009CF70 /* JhVueOCDemoUITests */,
				ED5B9A5C267AF5820009CF70 /* Products */,
			);
			sourceTree = "<group>";
		};
		ED5B9A5C267AF5820009CF70 /* Products */ = {
			isa = PBXGroup;
			children = (
				ED5B9A5B267AF5820009CF70 /* JhVueOCDemo.app */,
				ED5B9A76267AF5850009CF70 /* JhVueOCDemoTests.xctest */,
				ED5B9A81267AF5850009CF70 /* JhVueOCDemoUITests.xctest */,
			);
			name = Products;
			sourceTree = "<group>";
		};
		ED5B9A5D267AF5820009CF70 /* JhVueOCDemo */ = {
			isa = PBXGroup;
			children = (
				ED5B9AB4267B17360009CF70 /* Web */,
				ED5B9A5E267AF5820009CF70 /* AppDelegate.h */,
				ED5B9A5F267AF5820009CF70 /* AppDelegate.m */,
				ED5B9A6A267AF5850009CF70 /* Assets.xcassets */,
				ED5B9A6F267AF5850009CF70 /* Info.plist */,
				ED5B9A6C267AF5850009CF70 /* LaunchScreen.storyboard */,
				ED5B9A70267AF5850009CF70 /* main.m */,
				ED5B9A67267AF5820009CF70 /* Main.storyboard */,
				ED5B9A61267AF5820009CF70 /* SceneDelegate.h */,
				ED5B9A62267AF5820009CF70 /* SceneDelegate.m */,
				ED5B9AB2267AFFCA0009CF70 /* UIView+JhView.h */,
				ED5B9AB1267AFFCA0009CF70 /* UIView+JhView.m */,
				ED5B9A64267AF5820009CF70 /* ViewController.h */,
				ED5B9A65267AF5820009CF70 /* ViewController.m */,
				ED5B9A93267AF7440009CF70 /* VueViewController.h */,
				ED5B9A94267AF7440009CF70 /* VueViewController.m */,
			);
			path = JhVueOCDemo;
			sourceTree = "<group>";
		};
		ED5B9A79267AF5850009CF70 /* JhVueOCDemoTests */ = {
			isa = PBXGroup;
			children = (
				ED5B9A7A267AF5850009CF70 /* JhVueOCDemoTests.m */,
				ED5B9A7C267AF5850009CF70 /* Info.plist */,
			);
			path = JhVueOCDemoTests;
			sourceTree = "<group>";
		};
		ED5B9A84267AF5850009CF70 /* JhVueOCDemoUITests */ = {
			isa = PBXGroup;
			children = (
				ED5B9A85267AF5850009CF70 /* JhVueOCDemoUITests.m */,
				ED5B9A87267AF5850009CF70 /* Info.plist */,
			);
			path = JhVueOCDemoUITests;
			sourceTree = "<group>";
		};
		ED5B9AB4267B17360009CF70 /* Web */ = {
			isa = PBXGroup;
			children = (
				ED5B9AC7267B17430009CF70 /* dist */,
			);
			path = Web;
			sourceTree = "<group>";
		};
/* End PBXGroup section */

/* Begin PBXNativeTarget section */
		ED5B9A5A267AF5820009CF70 /* JhVueOCDemo */ = {
			isa = PBXNativeTarget;
			buildConfigurationList = ED5B9A8A267AF5850009CF70 /* Build configuration list for PBXNativeTarget "JhVueOCDemo" */;
			buildPhases = (
				ED5B9A57267AF5820009CF70 /* Sources */,
				ED5B9A58267AF5820009CF70 /* Frameworks */,
				ED5B9A59267AF5820009CF70 /* Resources */,
			);
			buildRules = (
			);
			dependencies = (
			);
			name = JhVueOCDemo;
			productName = JhVueOCDemo;
			productReference = ED5B9A5B267AF5820009CF70 /* JhVueOCDemo.app */;
			productType = "com.apple.product-type.application";
		};
		ED5B9A75267AF5850009CF70 /* JhVueOCDemoTests */ = {
			isa = PBXNativeTarget;
			buildConfigurationList = ED5B9A8D267AF5850009CF70 /* Build configuration list for PBXNativeTarget "JhVueOCDemoTests" */;
			buildPhases = (
				ED5B9A72267AF5850009CF70 /* Sources */,
				ED5B9A73267AF5850009CF70 /* Frameworks */,
				ED5B9A74267AF5850009CF70 /* Resources */,
			);
			buildRules = (
			);
			dependencies = (
				ED5B9A78267AF5850009CF70 /* PBXTargetDependency */,
			);
			name = JhVueOCDemoTests;
			productName = JhVueOCDemoTests;
			productReference = ED5B9A76267AF5850009CF70 /* JhVueOCDemoTests.xctest */;
			productType = "com.apple.product-type.bundle.unit-test";
		};
		ED5B9A80267AF5850009CF70 /* JhVueOCDemoUITests */ = {
			isa = PBXNativeTarget;
			buildConfigurationList = ED5B9A90267AF5850009CF70 /* Build configuration list for PBXNativeTarget "JhVueOCDemoUITests" */;
			buildPhases = (
				ED5B9A7D267AF5850009CF70 /* Sources */,
				ED5B9A7E267AF5850009CF70 /* Frameworks */,
				ED5B9A7F267AF5850009CF70 /* Resources */,
			);
			buildRules = (
			);
			dependencies = (
				ED5B9A83267AF5850009CF70 /* PBXTargetDependency */,
			);
			name = JhVueOCDemoUITests;
			productName = JhVueOCDemoUITests;
			productReference = ED5B9A81267AF5850009CF70 /* JhVueOCDemoUITests.xctest */;
			productType = "com.apple.product-type.bundle.ui-testing";
		};
/* End PBXNativeTarget section */

/* Begin PBXProject section */
		ED5B9A53267AF5820009CF70 /* Project object */ = {
			isa = PBXProject;
			attributes = {
				LastUpgradeCheck = 1250;
				TargetAttributes = {
					ED5B9A5A267AF5820009CF70 = {
						CreatedOnToolsVersion = 12.5;
					};
					ED5B9A75267AF5850009CF70 = {
						CreatedOnToolsVersion = 12.5;
						TestTargetID = ED5B9A5A267AF5820009CF70;
					};
					ED5B9A80267AF5850009CF70 = {
						CreatedOnToolsVersion = 12.5;
						TestTargetID = ED5B9A5A267AF5820009CF70;
					};
				};
			};
			buildConfigurationList = ED5B9A56267AF5820009CF70 /* Build configuration list for PBXProject "JhVueOCDemo" */;
			compatibilityVersion = "Xcode 9.3";
			developmentRegion = en;
			hasScannedForEncodings = 0;
			knownRegions = (
				en,
				Base,
			);
			mainGroup = ED5B9A52267AF5820009CF70;
			productRefGroup = ED5B9A5C267AF5820009CF70 /* Products */;
			projectDirPath = "";
			projectRoot = "";
			targets = (
				ED5B9A5A267AF5820009CF70 /* JhVueOCDemo */,
				ED5B9A75267AF5850009CF70 /* JhVueOCDemoTests */,
				ED5B9A80267AF5850009CF70 /* JhVueOCDemoUITests */,
			);
		};
/* End PBXProject section */

/* Begin PBXResourcesBuildPhase section */
		ED5B9A59267AF5820009CF70 /* Resources */ = {
			isa = PBXResourcesBuildPhase;
			buildActionMask = 2147483647;
			files = (
				ED5B9AC8267B17430009CF70 /* dist in Resources */,
				ED5B9A6E267AF5850009CF70 /* LaunchScreen.storyboard in Resources */,
				ED5B9A6B267AF5850009CF70 /* Assets.xcassets in Resources */,
				ED5B9A69267AF5820009CF70 /* Main.storyboard in Resources */,
			);
			runOnlyForDeploymentPostprocessing = 0;
		};
		ED5B9A74267AF5850009CF70 /* Resources */ = {
			isa = PBXResourcesBuildPhase;
			buildActionMask = 2147483647;
			files = (
			);
			runOnlyForDeploymentPostprocessing = 0;
		};
		ED5B9A7F267AF5850009CF70 /* Resources */ = {
			isa = PBXResourcesBuildPhase;
			buildActionMask = 2147483647;
			files = (
			);
			runOnlyForDeploymentPostprocessing = 0;
		};
/* End PBXResourcesBuildPhase section */

/* Begin PBXSourcesBuildPhase section */
		ED5B9A57267AF5820009CF70 /* Sources */ = {
			isa = PBXSourcesBuildPhase;
			buildActionMask = 2147483647;
			files = (
				ED5B9AB3267AFFCA0009CF70 /* UIView+JhView.m in Sources */,
				ED5B9A66267AF5820009CF70 /* ViewController.m in Sources */,
				ED5B9A60267AF5820009CF70 /* AppDelegate.m in Sources */,
				ED5B9A71267AF5850009CF70 /* main.m in Sources */,
				ED5B9A95267AF7440009CF70 /* VueViewController.m in Sources */,
				ED5B9A63267AF5820009CF70 /* SceneDelegate.m in Sources */,
			);
			runOnlyForDeploymentPostprocessing = 0;
		};
		ED5B9A72267AF5850009CF70 /* Sources */ = {
			isa = PBXSourcesBuildPhase;
			buildActionMask = 2147483647;
			files = (
				ED5B9A7B267AF5850009CF70 /* JhVueOCDemoTests.m in Sources */,
			);
			runOnlyForDeploymentPostprocessing = 0;
		};
		ED5B9A7D267AF5850009CF70 /* Sources */ = {
			isa = PBXSourcesBuildPhase;
			buildActionMask = 2147483647;
			files = (
				ED5B9A86267AF5850009CF70 /* JhVueOCDemoUITests.m in Sources */,
			);
			runOnlyForDeploymentPostprocessing = 0;
		};
/* End PBXSourcesBuildPhase section */

/* Begin PBXTargetDependency section */
		ED5B9A78267AF5850009CF70 /* PBXTargetDependency */ = {
			isa = PBXTargetDependency;
			target = ED5B9A5A267AF5820009CF70 /* JhVueOCDemo */;
			targetProxy = ED5B9A77267AF5850009CF70 /* PBXContainerItemProxy */;
		};
		ED5B9A83267AF5850009CF70 /* PBXTargetDependency */ = {
			isa = PBXTargetDependency;
			target = ED5B9A5A267AF5820009CF70 /* JhVueOCDemo */;
			targetProxy = ED5B9A82267AF5850009CF70 /* PBXContainerItemProxy */;
		};
/* End PBXTargetDependency section */

/* Begin PBXVariantGroup section */
		ED5B9A67267AF5820009CF70 /* Main.storyboard */ = {
			isa = PBXVariantGroup;
			children = (
				ED5B9A68267AF5820009CF70 /* Base */,
			);
			name = Main.storyboard;
			sourceTree = "<group>";
		};
		ED5B9A6C267AF5850009CF70 /* LaunchScreen.storyboard */ = {
			isa = PBXVariantGroup;
			children = (
				ED5B9A6D267AF5850009CF70 /* Base */,
			);
			name = LaunchScreen.storyboard;
			sourceTree = "<group>";
		};
/* End PBXVariantGroup section */

/* Begin XCBuildConfiguration section */
		ED5B9A88267AF5850009CF70 /* Debug */ = {
			isa = XCBuildConfiguration;
			buildSettings = {
				ALWAYS_SEARCH_USER_PATHS = NO;
				CLANG_ANALYZER_NONNULL = YES;
				CLANG_ANALYZER_NUMBER_OBJECT_CONVERSION = YES_AGGRESSIVE;
				CLANG_CXX_LANGUAGE_STANDARD = "gnu++14";
				CLANG_CXX_LIBRARY = "libc++";
				CLANG_ENABLE_MODULES = YES;
				CLANG_ENABLE_OBJC_ARC = YES;
				CLANG_ENABLE_OBJC_WEAK = YES;
				CLANG_WARN_BLOCK_CAPTURE_AUTORELEASING = YES;
				CLANG_WARN_BOOL_CONVERSION = YES;
				CLANG_WARN_COMMA = YES;
				CLANG_WARN_CONSTANT_CONVERSION = YES;
				CLANG_WARN_DEPRECATED_OBJC_IMPLEMENTATIONS = YES;
				CLANG_WARN_DIRECT_OBJC_ISA_USAGE = YES_ERROR;
				CLANG_WARN_DOCUMENTATION_COMMENTS = YES;
				CLANG_WARN_EMPTY_BODY = YES;
				CLANG_WARN_ENUM_CONVERSION = YES;
				CLANG_WARN_INFINITE_RECURSION = YES;
				CLANG_WARN_INT_CONVERSION = YES;
				CLANG_WARN_NON_LITERAL_NULL_CONVERSION = YES;
				CLANG_WARN_OBJC_IMPLICIT_RETAIN_SELF = YES;
				CLANG_WARN_OBJC_LITERAL_CONVERSION = YES;
				CLANG_WARN_OBJC_ROOT_CLASS = YES_ERROR;
				CLANG_WARN_QUOTED_INCLUDE_IN_FRAMEWORK_HEADER = YES;
				CLANG_WARN_RANGE_LOOP_ANALYSIS = YES;
				CLANG_WARN_STRICT_PROTOTYPES = YES;
				CLANG_WARN_SUSPICIOUS_MOVE = YES;
				CLANG_WARN_UNGUARDED_AVAILABILITY = YES_AGGRESSIVE;
				CLANG_WARN_UNREACHABLE_CODE = YES;
				CLANG_WARN__DUPLICATE_METHOD_MATCH = YES;
				COPY_PHASE_STRIP = NO;
				DEBUG_INFORMATION_FORMAT = dwarf;
				ENABLE_STRICT_OBJC_MSGSEND = YES;
				ENABLE_TESTABILITY = YES;
				GCC_C_LANGUAGE_STANDARD = gnu11;
				GCC_DYNAMIC_NO_PIC = NO;
				GCC_NO_COMMON_BLOCKS = YES;
				GCC_OPTIMIZATION_LEVEL = 0;
				GCC_PREPROCESSOR_DEFINITIONS = (
					"DEBUG=1",
					"$(inherited)",
				);
				GCC_WARN_64_TO_32_BIT_CONVERSION = YES;
				GCC_WARN_ABOUT_RETURN_TYPE = YES_ERROR;
				GCC_WARN_UNDECLARED_SELECTOR = YES;
				GCC_WARN_UNINITIALIZED_AUTOS = YES_AGGRESSIVE;
				GCC_WARN_UNUSED_FUNCTION = YES;
				GCC_WARN_UNUSED_VARIABLE = YES;
				IPHONEOS_DEPLOYMENT_TARGET = 14.5;
				MTL_ENABLE_DEBUG_INFO = INCLUDE_SOURCE;
				MTL_FAST_MATH = YES;
				ONLY_ACTIVE_ARCH = YES;
				SDKROOT = iphoneos;
			};
			name = Debug;
		};
		ED5B9A89267AF5850009CF70 /* Release */ = {
			isa = XCBuildConfiguration;
			buildSettings = {
				ALWAYS_SEARCH_USER_PATHS = NO;
				CLANG_ANALYZER_NONNULL = YES;
				CLANG_ANALYZER_NUMBER_OBJECT_CONVERSION = YES_AGGRESSIVE;
				CLANG_CXX_LANGUAGE_STANDARD = "gnu++14";
				CLANG_CXX_LIBRARY = "libc++";
				CLANG_ENABLE_MODULES = YES;
				CLANG_ENABLE_OBJC_ARC = YES;
				CLANG_ENABLE_OBJC_WEAK = YES;
				CLANG_WARN_BLOCK_CAPTURE_AUTORELEASING = YES;
				CLANG_WARN_BOOL_CONVERSION = YES;
				CLANG_WARN_COMMA = YES;
				CLANG_WARN_CONSTANT_CONVERSION = YES;
				CLANG_WARN_DEPRECATED_OBJC_IMPLEMENTATIONS = YES;
				CLANG_WARN_DIRECT_OBJC_ISA_USAGE = YES_ERROR;
				CLANG_WARN_DOCUMENTATION_COMMENTS = YES;
				CLANG_WARN_EMPTY_BODY = YES;
				CLANG_WARN_ENUM_CONVERSION = YES;
				CLANG_WARN_INFINITE_RECURSION = YES;
				CLANG_WARN_INT_CONVERSION = YES;
				CLANG_WARN_NON_LITERAL_NULL_CONVERSION = YES;
				CLANG_WARN_OBJC_IMPLICIT_RETAIN_SELF = YES;
				CLANG_WARN_OBJC_LITERAL_CONVERSION = YES;
				CLANG_WARN_OBJC_ROOT_CLASS = YES_ERROR;
				CLANG_WARN_QUOTED_INCLUDE_IN_FRAMEWORK_HEADER = YES;
				CLANG_WARN_RANGE_LOOP_ANALYSIS = YES;
				CLANG_WARN_STRICT_PROTOTYPES = YES;
				CLANG_WARN_SUSPICIOUS_MOVE = YES;
				CLANG_WARN_UNGUARDED_AVAILABILITY = YES_AGGRESSIVE;
				CLANG_WARN_UNREACHABLE_CODE = YES;
				CLANG_WARN__DUPLICATE_METHOD_MATCH = YES;
				COPY_PHASE_STRIP = NO;
				DEBUG_INFORMATION_FORMAT = "dwarf-with-dsym";
				ENABLE_NS_ASSERTIONS = NO;
				ENABLE_STRICT_OBJC_MSGSEND = YES;
				GCC_C_LANGUAGE_STANDARD = gnu11;
				GCC_NO_COMMON_BLOCKS = YES;
				GCC_WARN_64_TO_32_BIT_CONVERSION = YES;
				GCC_WARN_ABOUT_RETURN_TYPE = YES_ERROR;
				GCC_WARN_UNDECLARED_SELECTOR = YES;
				GCC_WARN_UNINITIALIZED_AUTOS = YES_AGGRESSIVE;
				GCC_WARN_UNUSED_FUNCTION = YES;
				GCC_WARN_UNUSED_VARIABLE = YES;
				IPHONEOS_DEPLOYMENT_TARGET = 14.5;
				MTL_ENABLE_DEBUG_INFO = NO;
				MTL_FAST_MATH = YES;
				SDKROOT = iphoneos;
				VALIDATE_PRODUCT = YES;
			};
			name = Release;
		};
		ED5B9A8B267AF5850009CF70 /* Debug */ = {
			isa = XCBuildConfiguration;
			buildSettings = {
				ASSETCATALOG_COMPILER_APPICON_NAME = AppIcon;
				ASSETCATALOG_COMPILER_GLOBAL_ACCENT_COLOR_NAME = AccentColor;
				CODE_SIGN_STYLE = Automatic;
				INFOPLIST_FILE = JhVueOCDemo/Info.plist;
				LD_RUNPATH_SEARCH_PATHS = (
					"$(inherited)",
					"@executable_path/Frameworks",
				);
				PRODUCT_BUNDLE_IDENTIFIER = com.Jh.VueOCDemo.JhVueOCDemo;
				PRODUCT_NAME = "$(TARGET_NAME)";
				TARGETED_DEVICE_FAMILY = "1,2";
			};
			name = Debug;
		};
		ED5B9A8C267AF5850009CF70 /* Release */ = {
			isa = XCBuildConfiguration;
			buildSettings = {
				ASSETCATALOG_COMPILER_APPICON_NAME = AppIcon;
				ASSETCATALOG_COMPILER_GLOBAL_ACCENT_COLOR_NAME = AccentColor;
				CODE_SIGN_STYLE = Automatic;
				INFOPLIST_FILE = JhVueOCDemo/Info.plist;
				LD_RUNPATH_SEARCH_PATHS = (
					"$(inherited)",
					"@executable_path/Frameworks",
				);
				PRODUCT_BUNDLE_IDENTIFIER = com.Jh.VueOCDemo.JhVueOCDemo;
				PRODUCT_NAME = "$(TARGET_NAME)";
				TARGETED_DEVICE_FAMILY = "1,2";
			};
			name = Release;
		};
		ED5B9A8E267AF5850009CF70 /* Debug */ = {
			isa = XCBuildConfiguration;
			buildSettings = {
				BUNDLE_LOADER = "$(TEST_HOST)";
				CODE_SIGN_STYLE = Automatic;
				INFOPLIST_FILE = JhVueOCDemoTests/Info.plist;
				IPHONEOS_DEPLOYMENT_TARGET = 14.5;
				LD_RUNPATH_SEARCH_PATHS = (
					"$(inherited)",
					"@executable_path/Frameworks",
					"@loader_path/Frameworks",
				);
				PRODUCT_BUNDLE_IDENTIFIER = com.Jh.VueOCDemo.JhVueOCDemoTests;
				PRODUCT_NAME = "$(TARGET_NAME)";
				TARGETED_DEVICE_FAMILY = "1,2";
				TEST_HOST = "$(BUILT_PRODUCTS_DIR)/JhVueOCDemo.app/JhVueOCDemo";
			};
			name = Debug;
		};
		ED5B9A8F267AF5850009CF70 /* Release */ = {
			isa = XCBuildConfiguration;
			buildSettings = {
				BUNDLE_LOADER = "$(TEST_HOST)";
				CODE_SIGN_STYLE = Automatic;
				INFOPLIST_FILE = JhVueOCDemoTests/Info.plist;
				IPHONEOS_DEPLOYMENT_TARGET = 14.5;
				LD_RUNPATH_SEARCH_PATHS = (
					"$(inherited)",
					"@executable_path/Frameworks",
					"@loader_path/Frameworks",
				);
				PRODUCT_BUNDLE_IDENTIFIER = com.Jh.VueOCDemo.JhVueOCDemoTests;
				PRODUCT_NAME = "$(TARGET_NAME)";
				TARGETED_DEVICE_FAMILY = "1,2";
				TEST_HOST = "$(BUILT_PRODUCTS_DIR)/JhVueOCDemo.app/JhVueOCDemo";
			};
			name = Release;
		};
		ED5B9A91267AF5850009CF70 /* Debug */ = {
			isa = XCBuildConfiguration;
			buildSettings = {
				CODE_SIGN_STYLE = Automatic;
				INFOPLIST_FILE = JhVueOCDemoUITests/Info.plist;
				LD_RUNPATH_SEARCH_PATHS = (
					"$(inherited)",
					"@executable_path/Frameworks",
					"@loader_path/Frameworks",
				);
				PRODUCT_BUNDLE_IDENTIFIER = com.Jh.VueOCDemo.JhVueOCDemoUITests;
				PRODUCT_NAME = "$(TARGET_NAME)";
				TARGETED_DEVICE_FAMILY = "1,2";
				TEST_TARGET_NAME = JhVueOCDemo;
			};
			name = Debug;
		};
		ED5B9A92267AF5850009CF70 /* Release */ = {
			isa = XCBuildConfiguration;
			buildSettings = {
				CODE_SIGN_STYLE = Automatic;
				INFOPLIST_FILE = JhVueOCDemoUITests/Info.plist;
				LD_RUNPATH_SEARCH_PATHS = (
					"$(inherited)",
					"@executable_path/Frameworks",
					"@loader_path/Frameworks",
				);
				PRODUCT_BUNDLE_IDENTIFIER = com.Jh.VueOCDemo.JhVueOCDemoUITests;
				PRODUCT_NAME = "$(TARGET_NAME)";
				TARGETED_DEVICE_FAMILY = "1,2";
				TEST_TARGET_NAME = JhVueOCDemo;
			};
			name = Release;
		};
/* End XCBuildConfiguration section */

/* Begin XCConfigurationList section */
		ED5B9A56267AF5820009CF70 /* Build configuration list for PBXProject "JhVueOCDemo" */ = {
			isa = XCConfigurationList;
			buildConfigurations = (
				ED5B9A88267AF5850009CF70 /* Debug */,
				ED5B9A89267AF5850009CF70 /* Release */,
			);
			defaultConfigurationIsVisible = 0;
			defaultConfigurationName = Release;
		};
		ED5B9A8A267AF5850009CF70 /* Build configuration list for PBXNativeTarget "JhVueOCDemo" */ = {
			isa = XCConfigurationList;
			buildConfigurations = (
				ED5B9A8B267AF5850009CF70 /* Debug */,
				ED5B9A8C267AF5850009CF70 /* Release */,
			);
			defaultConfigurationIsVisible = 0;
			defaultConfigurationName = Release;
		};
		ED5B9A8D267AF5850009CF70 /* Build configuration list for PBXNativeTarget "JhVueOCDemoTests" */ = {
			isa = XCConfigurationList;
			buildConfigurations = (
				ED5B9A8E267AF5850009CF70 /* Debug */,
				ED5B9A8F267AF5850009CF70 /* Release */,
			);
			defaultConfigurationIsVisible = 0;
			defaultConfigurationName = Release;
		};
		ED5B9A90267AF5850009CF70 /* Build configuration list for PBXNativeTarget "JhVueOCDemoUITests" */ = {
			isa = XCConfigurationList;
			buildConfigurations = (
				ED5B9A91267AF5850009CF70 /* Debug */,
				ED5B9A92267AF5850009CF70 /* Release */,
			);
			defaultConfigurationIsVisible = 0;
			defaultConfigurationName = Release;
		};
/* End XCConfigurationList section */
	};
	rootObject = ED5B9A53267AF5820009CF70 /* Project object */;
}
